
Microsoft Visual Studio Solution File, Format Version 10.00
# Visual Studio 2008
Project("{FAE04EC0-301F-11D3-BF4B-00C04F79EFBC}") = "ChuckQuotes", "ChuckQuotes\ChuckQuotes.csproj", "{A0AE1258-5AFA-43CE-95BF-2F92646F2906}"
EndProject
Global
	GlobalSection(SolutionConfigurationPlatforms) = preSolution
		Debug|Any CPU = Debug|Any CPU
		Release|Any CPU = Release|Any CPU
	EndGlobalSection
	GlobalSection(ProjectConfigurationPlatforms) = postSolution
		{A0AE1258-5AFA-43CE-95BF-2F92646F2906}.Debug|Any CPU.ActiveCfg = Debug|Any CPU
		{A0AE1258-5AFA-43CE-95BF-2F92646F2906}.Debug|Any CPU.Build.0 = Debug|Any CPU
		{A0AE1258-5AFA-43CE-95BF-2F92646F2906}.Release|Any CPU.ActiveCfg = Release|Any CPU
		{A0AE1258-5AFA-43CE-95BF-2F92646F2906}.Release|Any CPU.Build.0 = Release|Any CPU
	EndGlobalSection
	GlobalSection(SolutionProperties) = preSolution
		HideSolutionNode = FALSE
	EndGlobalSection
EndGlobal
